
Microsoft Visual Studio Solution File, Format Version 12.00
# Visual Studio Version 17
VisualStudioVersion = 17.9.34607.119
MinimumVisualStudioVersion = 10.0.40219.1
Project("{FAE04EC0-301F-11D3-BF4B-00C04F79EFBC}") = "Mantenimiento_Vehiculos", "Mantenimiento_Vehiculos\Mantenimiento_Vehiculos.csproj", "{9F170974-9193-4BD5-87B0-18D88163E1A5}"
EndProject
Global
	GlobalSection(SolutionConfigurationPlatforms) = preSolution
		Debug|Any CPU = Debug|Any CPU
		Release|Any CPU = Release|Any CPU
	EndGlobalSection
	GlobalSection(ProjectConfigurationPlatforms) = postSolution
		{9F170974-9193-4BD5-87B0-18D88163E1A5}.Debug|Any CPU.ActiveCfg = Debug|Any CPU
		{9F170974-9193-4BD5-87B0-18D88163E1A5}.Debug|Any CPU.Build.0 = Debug|Any CPU
		{9F170974-9193-4BD5-87B0-18D88163E1A5}.Release|Any CPU.ActiveCfg = Release|Any CPU
		{9F170974-9193-4BD5-87B0-18D88163E1A5}.Release|Any CPU.Build.0 = Release|Any CPU
	EndGlobalSection
	GlobalSection(SolutionProperties) = preSolution
		HideSolutionNode = FALSE
	EndGlobalSection
	GlobalSection(ExtensibilityGlobals) = postSolution
		SolutionGuid = {E9BC524C-14C7-4464-A847-245F8B3A4FE2}
	EndGlobalSection
EndGlobal
